
Microsoft Visual Studio Solution File, Format Version 12.00
# Visual Studio 2015
Project("{FAE04EC0-301F-11D3-BF4B-00C04F79EFBC}") = "GH3D.CSharp", "GH3D.CSharp.csproj", "{DA5FC9C6-702F-D7B2-E1BA-A959F7FE9452}"
EndProject
Global
	GlobalSection(SolutionConfigurationPlatforms) = preSolution
		Debug|Any CPU = Debug|Any CPU
		Release|Any CPU = Release|Any CPU
	EndGlobalSection
	GlobalSection(ProjectConfigurationPlatforms) = postSolution
		{DA5FC9C6-702F-D7B2-E1BA-A959F7FE9452}.Debug|Any CPU.ActiveCfg = Debug|Any CPU
		{DA5FC9C6-702F-D7B2-E1BA-A959F7FE9452}.Debug|Any CPU.Build.0 = Debug|Any CPU
		{DA5FC9C6-702F-D7B2-E1BA-A959F7FE9452}.Release|Any CPU.ActiveCfg = Release|Any CPU
		{DA5FC9C6-702F-D7B2-E1BA-A959F7FE9452}.Release|Any CPU.Build.0 = Release|Any CPU
	EndGlobalSection
	GlobalSection(SolutionProperties) = preSolution
		HideSolutionNode = FALSE
	EndGlobalSection
EndGlobal
