
Microsoft Visual Studio Solution File, Format Version 12.00
# Visual Studio 2015
Project("{FAE04EC0-301F-11D3-BF4B-00C04F79EFBC}") = "UnityVS.GH3D.CSharp", "UnityVS.GH3D.CSharp.csproj", "{776A67A7-B30A-0D46-1822-26C4600A64FB}"
EndProject
Global
	GlobalSection(SolutionConfigurationPlatforms) = preSolution
		Debug|Any CPU = Debug|Any CPU
		Release|Any CPU = Release|Any CPU
	EndGlobalSection
	GlobalSection(ProjectConfigurationPlatforms) = postSolution
		{776A67A7-B30A-0D46-1822-26C4600A64FB}.Debug|Any CPU.ActiveCfg = Debug|Any CPU
		{776A67A7-B30A-0D46-1822-26C4600A64FB}.Debug|Any CPU.Build.0 = Debug|Any CPU
		{776A67A7-B30A-0D46-1822-26C4600A64FB}.Release|Any CPU.ActiveCfg = Release|Any CPU
		{776A67A7-B30A-0D46-1822-26C4600A64FB}.Release|Any CPU.Build.0 = Release|Any CPU
	EndGlobalSection
	GlobalSection(SolutionProperties) = preSolution
		HideSolutionNode = FALSE
	EndGlobalSection
EndGlobal
